
Microsoft Visual Studio Solution File, Format Version 12.00
# Visual Studio Version 16
VisualStudioVersion = 16.0.29102.190
MinimumVisualStudioVersion = 10.0.40219.1
Project("{FAE04EC0-301F-11D3-BF4B-00C04F79EFBC}") = "FunkeyModManagers", "FunkeyModManagers\FunkeyModManagers.csproj", "{348D53E8-B9A7-4905-82C5-C690E12FF111}"
EndProject
Global
	GlobalSection(SolutionConfigurationPlatforms) = preSolution
		Debug|Any CPU = Debug|Any CPU
		Release|Any CPU = Release|Any CPU
	EndGlobalSection
	GlobalSection(ProjectConfigurationPlatforms) = postSolution
		{348D53E8-B9A7-4905-82C5-C690E12FF111}.Debug|Any CPU.ActiveCfg = Debug|Any CPU
		{348D53E8-B9A7-4905-82C5-C690E12FF111}.Debug|Any CPU.Build.0 = Debug|Any CPU
		{348D53E8-B9A7-4905-82C5-C690E12FF111}.Release|Any CPU.ActiveCfg = Release|Any CPU
		{348D53E8-B9A7-4905-82C5-C690E12FF111}.Release|Any CPU.Build.0 = Release|Any CPU
	EndGlobalSection
	GlobalSection(SolutionProperties) = preSolution
		HideSolutionNode = FALSE
	EndGlobalSection
	GlobalSection(ExtensibilityGlobals) = postSolution
		SolutionGuid = {9E3113D2-336A-4AEC-A6BF-F797C8687F52}
	EndGlobalSection
EndGlobal
